
Microsoft Visual Studio Solution File, Format Version 12.00
# Visual Studio 15
VisualStudioVersion = 15.0.26124.0
MinimumVisualStudioVersion = 15.0.26124.0
Project("{9A19103F-16F7-4668-BE54-9A1E7A4F7556}") = "R5T.Soltana.Standard.Construction", "R5T.Soltana.Standard.Construction\R5T.Soltana.Standard.Construction.csproj", "{0AA82C6D-4E08-4217-8EF9-991F0D2A60A3}"
EndProject
Project("{9A19103F-16F7-4668-BE54-9A1E7A4F7556}") = "R5T.Soltana.Standard", "R5T.Soltana.Standard\R5T.Soltana.Standard.csproj", "{1D990841-AB7F-4AB2-B698-AA90F4222113}"
EndProject
Project("{9A19103F-16F7-4668-BE54-9A1E7A4F7556}") = "R5T.Soltana.Standard.Testing", "R5T.Soltana.Standard.Testing\R5T.Soltana.Standard.Testing.csproj", "{D5C2B77B-79D3-4402-B6F7-FDC7425F1A86}"
EndProject
Project("{2150E333-8FDC-42A3-9474-1A3956D46DE8}") = "_Dependencies", "_Dependencies", "{55BC0050-16BE-4618-93C8-C41E863DB875}"
EndProject
Project("{9A19103F-16F7-4668-BE54-9A1E7A4F7556}") = "R5T.Soltana.Default", "..\..\R5T.Soltana.Default\source\R5T.Soltana.Default\R5T.Soltana.Default.csproj", "{C49BDCC8-692F-4239-979E-0D07A03D31B9}"
EndProject
Project("{9A19103F-16F7-4668-BE54-9A1E7A4F7556}") = "R5T.Hladir.CSharp.Standard", "..\..\R5T.Hladir.CSharp.Standard\source\R5T.Hladir.CSharp.Standard\R5T.Hladir.CSharp.Standard.csproj", "{30E0D134-FE28-4608-A4F5-A723A18ADE28}"
EndProject
Project("{9A19103F-16F7-4668-BE54-9A1E7A4F7556}") = "R5T.Koping.Standard", "..\..\R5T.Koping.Standard\source\R5T.Koping.Standard\R5T.Koping.Standard.csproj", "{8E3B9720-102A-4D5E-94B1-BC1341C8AFAB}"
EndProject
Project("{9A19103F-16F7-4668-BE54-9A1E7A4F7556}") = "R5T.Lombardy.Standard", "..\..\R5T.Lombardy.Standard\source\R5T.Lombardy.Standard\R5T.Lombardy.Standard.csproj", "{3B316B08-30C8-4CDD-9B31-C5649556E652}"
EndProject
Project("{9A19103F-16F7-4668-BE54-9A1E7A4F7556}") = "R5T.Hladir.CSharp", "..\..\R5T.Hladir.CSharp\source\R5T.Hladir.CSharp\R5T.Hladir.CSharp.csproj", "{4CA482C1-A36F-448D-ABEA-6B7081D82E29}"
EndProject
Project("{9A19103F-16F7-4668-BE54-9A1E7A4F7556}") = "R5T.Dacia.Extensions", "..\..\R5T.Dacia.Extensions\source\R5T.Dacia.Extensions\R5T.Dacia.Extensions.csproj", "{7256C1EE-50A5-49F5-A59A-4B9058D13FAA}"
EndProject
Project("{9A19103F-16F7-4668-BE54-9A1E7A4F7556}") = "R5T.Dacia", "..\..\R5T.Dacia\source\R5T.Dacia\R5T.Dacia.csproj", "{0E628536-0030-4085-B51B-2D1E9A7E7D14}"
EndProject
Project("{9A19103F-16F7-4668-BE54-9A1E7A4F7556}") = "R5T.Hladir.Base", "..\..\R5T.Hladir.Base\source\R5T.Hladir.Base\R5T.Hladir.Base.csproj", "{0223246A-70CD-42C9-B5E0-D712F732FD7B}"
EndProject
Project("{9A19103F-16F7-4668-BE54-9A1E7A4F7556}") = "R5T.Lombardy.Base", "..\..\R5T.Lombardy.Base\source\R5T.Lombardy.Base\R5T.Lombardy.Base.csproj", "{26D93A62-E6DB-47D1-BD57-95559C16A94A}"
EndProject
Project("{9A19103F-16F7-4668-BE54-9A1E7A4F7556}") = "R5T.Lombardy", "..\..\R5T.Lombardy\source\R5T.Lombardy\R5T.Lombardy.csproj", "{823DB462-7E87-4AF9-8C3B-6DF492B3A4A3}"
EndProject
Project("{9A19103F-16F7-4668-BE54-9A1E7A4F7556}") = "R5T.Cherusci", "..\..\R5T.Cherusci\source\R5T.Cherusci\R5T.Cherusci.csproj", "{1C138BC8-AEBC-4C10-89BC-C2322A64F2D1}"
EndProject
Project("{9A19103F-16F7-4668-BE54-9A1E7A4F7556}") = "R5T.Magyar", "..\..\R5T.Magyar\source\R5T.Magyar\R5T.Magyar.csproj", "{F4CD0CF3-B682-4CC7-8BE4-15A8E00AD705}"
EndProject
Project("{9A19103F-16F7-4668-BE54-9A1E7A4F7556}") = "R5T.Rugia", "..\..\R5T.Rugia\source\R5T.Rugia\R5T.Rugia.csproj", "{4C064C11-A755-4A8C-B02E-36AA28FC7CDA}"
EndProject
Project("{9A19103F-16F7-4668-BE54-9A1E7A4F7556}") = "R5T.Rugia.Base", "..\..\R5T.Rugia.Base\source\R5T.Rugia.Base\R5T.Rugia.Base.csproj", "{2635FAD7-DC45-4CED-8D83-7E4D8D86A2A7}"
EndProject
Project("{9A19103F-16F7-4668-BE54-9A1E7A4F7556}") = "R5T.Koping.Default", "..\..\R5T.Koping.Default\source\R5T.Koping.Default\R5T.Koping.Default.csproj", "{6179CD08-3903-46C4-A1A3-FB22C5757BE4}"
EndProject
Project("{9A19103F-16F7-4668-BE54-9A1E7A4F7556}") = "R5T.Koping.Base", "..\..\R5T.Koping.Base\source\R5T.Koping.Base\R5T.Koping.Base.csproj", "{6B6CAF5F-6E9B-4BFE-AAAD-BE934BD551AA}"
EndProject
Project("{9A19103F-16F7-4668-BE54-9A1E7A4F7556}") = "R5T.Solgene.Base", "..\..\R5T.Solgene.Base\source\R5T.Solgene.Base\R5T.Solgene.Base.csproj", "{7C393124-190E-4AFA-AA10-A515E0538A68}"
EndProject
Project("{9A19103F-16F7-4668-BE54-9A1E7A4F7556}") = "R5T.Cambridge.Types", "..\..\R5T.Cambridge.Types\source\R5T.Cambridge.Types\R5T.Cambridge.Types.csproj", "{57695486-1B62-42D5-BD71-5FDBC55915D1}"
EndProject
Project("{9A19103F-16F7-4668-BE54-9A1E7A4F7556}") = "R5T.Soltana.Base", "..\..\R5T.Soltana.Base\source\R5T.Soltana.Base\R5T.Soltana.Base.csproj", "{60729555-9396-4844-83B2-D154E9DD1AB0}"
EndProject
Global
	GlobalSection(SolutionConfigurationPlatforms) = preSolution
		Debug|Any CPU = Debug|Any CPU
		Debug|x64 = Debug|x64
		Debug|x86 = Debug|x86
		Release|Any CPU = Release|Any CPU
		Release|x64 = Release|x64
		Release|x86 = Release|x86
	EndGlobalSection
	GlobalSection(ProjectConfigurationPlatforms) = postSolution
		{0AA82C6D-4E08-4217-8EF9-991F0D2A60A3}.Debug|Any CPU.ActiveCfg = Debug|Any CPU
		{0AA82C6D-4E08-4217-8EF9-991F0D2A60A3}.Debug|Any CPU.Build.0 = Debug|Any CPU
		{0AA82C6D-4E08-4217-8EF9-991F0D2A60A3}.Debug|x64.ActiveCfg = Debug|Any CPU
		{0AA82C6D-4E08-4217-8EF9-991F0D2A60A3}.Debug|x64.Build.0 = Debug|Any CPU
		{0AA82C6D-4E08-4217-8EF9-991F0D2A60A3}.Debug|x86.ActiveCfg = Debug|Any CPU
		{0AA82C6D-4E08-4217-8EF9-991F0D2A60A3}.Debug|x86.Build.0 = Debug|Any CPU
		{0AA82C6D-4E08-4217-8EF9-991F0D2A60A3}.Release|Any CPU.ActiveCfg = Release|Any CPU
		{0AA82C6D-4E08-4217-8EF9-991F0D2A60A3}.Release|Any CPU.Build.0 = Release|Any CPU
		{0AA82C6D-4E08-4217-8EF9-991F0D2A60A3}.Release|x64.ActiveCfg = Release|Any CPU
		{0AA82C6D-4E08-4217-8EF9-991F0D2A60A3}.Release|x64.Build.0 = Release|Any CPU
		{0AA82C6D-4E08-4217-8EF9-991F0D2A60A3}.Release|x86.ActiveCfg = Release|Any CPU
		{0AA82C6D-4E08-4217-8EF9-991F0D2A60A3}.Release|x86.Build.0 = Release|Any CPU
		{1D990841-AB7F-4AB2-B698-AA90F4222113}.Debug|Any CPU.ActiveCfg = Debug|Any CPU
		{1D990841-AB7F-4AB2-B698-AA90F4222113}.Debug|Any CPU.Build.0 = Debug|Any CPU
		{1D990841-AB7F-4AB2-B698-AA90F4222113}.Debug|x64.ActiveCfg = Debug|Any CPU
		{1D990841-AB7F-4AB2-B698-AA90F4222113}.Debug|x64.Build.0 = Debug|Any CPU
		{1D990841-AB7F-4AB2-B698-AA90F4222113}.Debug|x86.ActiveCfg = Debug|Any CPU
		{1D990841-AB7F-4AB2-B698-AA90F4222113}.Debug|x86.Build.0 = Debug|Any CPU
		{1D990841-AB7F-4AB2-B698-AA90F4222113}.Release|Any CPU.ActiveCfg = Release|Any CPU
		{1D990841-AB7F-4AB2-B698-AA90F4222113}.Release|Any CPU.Build.0 = Release|Any CPU
		{1D990841-AB7F-4AB2-B698-AA90F4222113}.Release|x64.ActiveCfg = Release|Any CPU
		{1D990841-AB7F-4AB2-B698-AA90F4222113}.Release|x64.Build.0 = Release|Any CPU
		{1D990841-AB7F-4AB2-B698-AA90F4222113}.Release|x86.ActiveCfg = Release|Any CPU
		{1D990841-AB7F-4AB2-B698-AA90F4222113}.Release|x86.Build.0 = Release|Any CPU
		{D5C2B77B-79D3-4402-B6F7-FDC7425F1A86}.Debug|Any CPU.ActiveCfg = Debug|Any CPU
		{D5C2B77B-79D3-4402-B6F7-FDC7425F1A86}.Debug|Any CPU.Build.0 = Debug|Any CPU
		{D5C2B77B-79D3-4402-B6F7-FDC7425F1A86}.Debug|x64.ActiveCfg = Debug|Any CPU
		{D5C2B77B-79D3-4402-B6F7-FDC7425F1A86}.Debug|x64.Build.0 = Debug|Any CPU
		{D5C2B77B-79D3-4402-B6F7-FDC7425F1A86}.Debug|x86.ActiveCfg = Debug|Any CPU
		{D5C2B77B-79D3-4402-B6F7-FDC7425F1A86}.Debug|x86.Build.0 = Debug|Any CPU
		{D5C2B77B-79D3-4402-B6F7-FDC7425F1A86}.Release|Any CPU.ActiveCfg = Release|Any CPU
		{D5C2B77B-79D3-4402-B6F7-FDC7425F1A86}.Release|Any CPU.Build.0 = Release|Any CPU
		{D5C2B77B-79D3-4402-B6F7-FDC7425F1A86}.Release|x64.ActiveCfg = Release|Any CPU
		{D5C2B77B-79D3-4402-B6F7-FDC7425F1A86}.Release|x64.Build.0 = Release|Any CPU
		{D5C2B77B-79D3-4402-B6F7-FDC7425F1A86}.Release|x86.ActiveCfg = Release|Any CPU
		{D5C2B77B-79D3-4402-B6F7-FDC7425F1A86}.Release|x86.Build.0 = Release|Any CPU
		{C49BDCC8-692F-4239-979E-0D07A03D31B9}.Debug|Any CPU.ActiveCfg = Debug|Any CPU
		{C49BDCC8-692F-4239-979E-0D07A03D31B9}.Debug|Any CPU.Build.0 = Debug|Any CPU
		{C49BDCC8-692F-4239-979E-0D07A03D31B9}.Debug|x64.ActiveCfg = Debug|Any CPU
		{C49BDCC8-692F-4239-979E-0D07A03D31B9}.Debug|x64.Build.0 = Debug|Any CPU
		{C49BDCC8-692F-4239-979E-0D07A03D31B9}.Debug|x86.ActiveCfg = Debug|Any CPU
		{C49BDCC8-692F-4239-979E-0D07A03D31B9}.Debug|x86.Build.0 = Debug|Any CPU
		{C49BDCC8-692F-4239-979E-0D07A03D31B9}.Release|Any CPU.ActiveCfg = Release|Any CPU
		{C49BDCC8-692F-4239-979E-0D07A03D31B9}.Release|Any CPU.Build.0 = Release|Any CPU
		{C49BDCC8-692F-4239-979E-0D07A03D31B9}.Release|x64.ActiveCfg = Release|Any CPU
		{C49BDCC8-692F-4239-979E-0D07A03D31B9}.Release|x64.Build.0 = Release|Any CPU
		{C49BDCC8-692F-4239-979E-0D07A03D31B9}.Release|x86.ActiveCfg = Release|Any CPU
		{C49BDCC8-692F-4239-979E-0D07A03D31B9}.Release|x86.Build.0 = Release|Any CPU
		{30E0D134-FE28-4608-A4F5-A723A18ADE28}.Debug|Any CPU.ActiveCfg = Debug|Any CPU
		{30E0D134-FE28-4608-A4F5-A723A18ADE28}.Debug|Any CPU.Build.0 = Debug|Any CPU
		{30E0D134-FE28-4608-A4F5-A723A18ADE28}.Debug|x64.ActiveCfg = Debug|Any CPU
		{30E0D134-FE28-4608-A4F5-A723A18ADE28}.Debug|x64.Build.0 = Debug|Any CPU
		{30E0D134-FE28-4608-A4F5-A723A18ADE28}.Debug|x86.ActiveCfg = Debug|Any CPU
		{30E0D134-FE28-4608-A4F5-A723A18ADE28}.Debug|x86.Build.0 = Debug|Any CPU
		{30E0D134-FE28-4608-A4F5-A723A18ADE28}.Release|Any CPU.ActiveCfg = Release|Any CPU
		{30E0D134-FE28-4608-A4F5-A723A18ADE28}.Release|Any CPU.Build.0 = Release|Any CPU
		{30E0D134-FE28-4608-A4F5-A723A18ADE28}.Release|x64.ActiveCfg = Release|Any CPU
		{30E0D134-FE28-4608-A4F5-A723A18ADE28}.Release|x64.Build.0 = Release|Any CPU
		{30E0D134-FE28-4608-A4F5-A723A18ADE28}.Release|x86.ActiveCfg = Release|Any CPU
		{30E0D134-FE28-4608-A4F5-A723A18ADE28}.Release|x86.Build.0 = Release|Any CPU
		{8E3B9720-102A-4D5E-94B1-BC1341C8AFAB}.Debug|Any CPU.ActiveCfg = Debug|Any CPU
		{8E3B9720-102A-4D5E-94B1-BC1341C8AFAB}.Debug|Any CPU.Build.0 = Debug|Any CPU
		{8E3B9720-102A-4D5E-94B1-BC1341C8AFAB}.Debug|x64.ActiveCfg = Debug|Any CPU
		{8E3B9720-102A-4D5E-94B1-BC1341C8AFAB}.Debug|x64.Build.0 = Debug|Any CPU
		{8E3B9720-102A-4D5E-94B1-BC1341C8AFAB}.Debug|x86.ActiveCfg = Debug|Any CPU
		{8E3B9720-102A-4D5E-94B1-BC1341C8AFAB}.Debug|x86.Build.0 = Debug|Any CPU
		{8E3B9720-102A-4D5E-94B1-BC1341C8AFAB}.Release|Any CPU.ActiveCfg = Release|Any CPU
		{8E3B9720-102A-4D5E-94B1-BC1341C8AFAB}.Release|Any CPU.Build.0 = Release|Any CPU
		{8E3B9720-102A-4D5E-94B1-BC1341C8AFAB}.Release|x64.ActiveCfg = Release|Any CPU
		{8E3B9720-102A-4D5E-94B1-BC1341C8AFAB}.Release|x64.Build.0 = Release|Any CPU
		{8E3B9720-102A-4D5E-94B1-BC1341C8AFAB}.Release|x86.ActiveCfg = Release|Any CPU
		{8E3B9720-102A-4D5E-94B1-BC1341C8AFAB}.Release|x86.Build.0 = Release|Any CPU
		{3B316B08-30C8-4CDD-9B31-C5649556E652}.Debug|Any CPU.ActiveCfg = Debug|Any CPU
		{3B316B08-30C8-4CDD-9B31-C5649556E652}.Debug|Any CPU.Build.0 = Debug|Any CPU
		{3B316B08-30C8-4CDD-9B31-C5649556E652}.Debug|x64.ActiveCfg = Debug|Any CPU
		{3B316B08-30C8-4CDD-9B31-C5649556E652}.Debug|x64.Build.0 = Debug|Any CPU
		{3B316B08-30C8-4CDD-9B31-C5649556E652}.Debug|x86.ActiveCfg = Debug|Any CPU
		{3B316B08-30C8-4CDD-9B31-C5649556E652}.Debug|x86.Build.0 = Debug|Any CPU
		{3B316B08-30C8-4CDD-9B31-C5649556E652}.Release|Any CPU.ActiveCfg = Release|Any CPU
		{3B316B08-30C8-4CDD-9B31-C5649556E652}.Release|Any CPU.Build.0 = Release|Any CPU
		{3B316B08-30C8-4CDD-9B31-C5649556E652}.Release|x64.ActiveCfg = Release|Any CPU
		{3B316B08-30C8-4CDD-9B31-C5649556E652}.Release|x64.Build.0 = Release|Any CPU
		{3B316B08-30C8-4CDD-9B31-C5649556E652}.Release|x86.ActiveCfg = Release|Any CPU
		{3B316B08-30C8-4CDD-9B31-C5649556E652}.Release|x86.Build.0 = Release|Any CPU
		{4CA482C1-A36F-448D-ABEA-6B7081D82E29}.Debug|Any CPU.ActiveCfg = Debug|Any CPU
		{4CA482C1-A36F-448D-ABEA-6B7081D82E29}.Debug|Any CPU.Build.0 = Debug|Any CPU
		{4CA482C1-A36F-448D-ABEA-6B7081D82E29}.Debug|x64.ActiveCfg = Debug|Any CPU
		{4CA482C1-A36F-448D-ABEA-6B7081D82E29}.Debug|x64.Build.0 = Debug|Any CPU
		{4CA482C1-A36F-448D-ABEA-6B7081D82E29}.Debug|x86.ActiveCfg = Debug|Any CPU
		{4CA482C1-A36F-448D-ABEA-6B7081D82E29}.Debug|x86.Build.0 = Debug|Any CPU
		{4CA482C1-A36F-448D-ABEA-6B7081D82E29}.Release|Any CPU.ActiveCfg = Release|Any CPU
		{4CA482C1-A36F-448D-ABEA-6B7081D82E29}.Release|Any CPU.Build.0 = Release|Any CPU
		{4CA482C1-A36F-448D-ABEA-6B7081D82E29}.Release|x64.ActiveCfg = Release|Any CPU
		{4CA482C1-A36F-448D-ABEA-6B7081D82E29}.Release|x64.Build.0 = Release|Any CPU
		{4CA482C1-A36F-448D-ABEA-6B7081D82E29}.Release|x86.ActiveCfg = Release|Any CPU
		{4CA482C1-A36F-448D-ABEA-6B7081D82E29}.Release|x86.Build.0 = Release|Any CPU
		{7256C1EE-50A5-49F5-A59A-4B9058D13FAA}.Debug|Any CPU.ActiveCfg = Debug|Any CPU
		{7256C1EE-50A5-49F5-A59A-4B9058D13FAA}.Debug|Any CPU.Build.0 = Debug|Any CPU
		{7256C1EE-50A5-49F5-A59A-4B9058D13FAA}.Debug|x64.ActiveCfg = Debug|Any CPU
		{7256C1EE-50A5-49F5-A59A-4B9058D13FAA}.Debug|x64.Build.0 = Debug|Any CPU
		{7256C1EE-50A5-49F5-A59A-4B9058D13FAA}.Debug|x86.ActiveCfg = Debug|Any CPU
		{7256C1EE-50A5-49F5-A59A-4B9058D13FAA}.Debug|x86.Build.0 = Debug|Any CPU
		{7256C1EE-50A5-49F5-A59A-4B9058D13FAA}.Release|Any CPU.ActiveCfg = Release|Any CPU
		{7256C1EE-50A5-49F5-A59A-4B9058D13FAA}.Release|Any CPU.Build.0 = Release|Any CPU
		{7256C1EE-50A5-49F5-A59A-4B9058D13FAA}.Release|x64.ActiveCfg = Release|Any CPU
		{7256C1EE-50A5-49F5-A59A-4B9058D13FAA}.Release|x64.Build.0 = Release|Any CPU
		{7256C1EE-50A5-49F5-A59A-4B9058D13FAA}.Release|x86.ActiveCfg = Release|Any CPU
		{7256C1EE-50A5-49F5-A59A-4B9058D13FAA}.Release|x86.Build.0 = Release|Any CPU
		{0E628536-0030-4085-B51B-2D1E9A7E7D14}.Debug|Any CPU.ActiveCfg = Debug|Any CPU
		{0E628536-0030-4085-B51B-2D1E9A7E7D14}.Debug|Any CPU.Build.0 = Debug|Any CPU
		{0E628536-0030-4085-B51B-2D1E9A7E7D14}.Debug|x64.ActiveCfg = Debug|Any CPU
		{0E628536-0030-4085-B51B-2D1E9A7E7D14}.Debug|x64.Build.0 = Debug|Any CPU
		{0E628536-0030-4085-B51B-2D1E9A7E7D14}.Debug|x86.ActiveCfg = Debug|Any CPU
		{0E628536-0030-4085-B51B-2D1E9A7E7D14}.Debug|x86.Build.0 = Debug|Any CPU
		{0E628536-0030-4085-B51B-2D1E9A7E7D14}.Release|Any CPU.ActiveCfg = Release|Any CPU
		{0E628536-0030-4085-B51B-2D1E9A7E7D14}.Release|Any CPU.Build.0 = Release|Any CPU
		{0E628536-0030-4085-B51B-2D1E9A7E7D14}.Release|x64.ActiveCfg = Release|Any CPU
		{0E628536-0030-4085-B51B-2D1E9A7E7D14}.Release|x64.Build.0 = Release|Any CPU
		{0E628536-0030-4085-B51B-2D1E9A7E7D14}.Release|x86.ActiveCfg = Release|Any CPU
		{0E628536-0030-4085-B51B-2D1E9A7E7D14}.Release|x86.Build.0 = Release|Any CPU
		{0223246A-70CD-42C9-B5E0-D712F732FD7B}.Debug|Any CPU.ActiveCfg = Debug|Any CPU
		{0223246A-70CD-42C9-B5E0-D712F732FD7B}.Debug|Any CPU.Build.0 = Debug|Any CPU
		{0223246A-70CD-42C9-B5E0-D712F732FD7B}.Debug|x64.ActiveCfg = Debug|Any CPU
		{0223246A-70CD-42C9-B5E0-D712F732FD7B}.Debug|x64.Build.0 = Debug|Any CPU
		{0223246A-70CD-42C9-B5E0-D712F732FD7B}.Debug|x86.ActiveCfg = Debug|Any CPU
		{0223246A-70CD-42C9-B5E0-D712F732FD7B}.Debug|x86.Build.0 = Debug|Any CPU
		{0223246A-70CD-42C9-B5E0-D712F732FD7B}.Release|Any CPU.ActiveCfg = Release|Any CPU
		{0223246A-70CD-42C9-B5E0-D712F732FD7B}.Release|Any CPU.Build.0 = Release|Any CPU
		{0223246A-70CD-42C9-B5E0-D712F732FD7B}.Release|x64.ActiveCfg = Release|Any CPU
		{0223246A-70CD-42C9-B5E0-D712F732FD7B}.Release|x64.Build.0 = Release|Any CPU
		{0223246A-70CD-42C9-B5E0-D712F732FD7B}.Release|x86.ActiveCfg = Release|Any CPU
		{0223246A-70CD-42C9-B5E0-D712F732FD7B}.Release|x86.Build.0 = Release|Any CPU
		{26D93A62-E6DB-47D1-BD57-95559C16A94A}.Debug|Any CPU.ActiveCfg = Debug|Any CPU
		{26D93A62-E6DB-47D1-BD57-95559C16A94A}.Debug|Any CPU.Build.0 = Debug|Any CPU
		{26D93A62-E6DB-47D1-BD57-95559C16A94A}.Debug|x64.ActiveCfg = Debug|Any CPU
		{26D93A62-E6DB-47D1-BD57-95559C16A94A}.Debug|x64.Build.0 = Debug|Any CPU
		{26D93A62-E6DB-47D1-BD57-95559C16A94A}.Debug|x86.ActiveCfg = Debug|Any CPU
		{26D93A62-E6DB-47D1-BD57-95559C16A94A}.Debug|x86.Build.0 = Debug|Any CPU
		{26D93A62-E6DB-47D1-BD57-95559C16A94A}.Release|Any CPU.ActiveCfg = Release|Any CPU
		{26D93A62-E6DB-47D1-BD57-95559C16A94A}.Release|Any CPU.Build.0 = Release|Any CPU
		{26D93A62-E6DB-47D1-BD57-95559C16A94A}.Release|x64.ActiveCfg = Release|Any CPU
		{26D93A62-E6DB-47D1-BD57-95559C16A94A}.Release|x64.Build.0 = Release|Any CPU
		{26D93A62-E6DB-47D1-BD57-95559C16A94A}.Release|x86.ActiveCfg = Release|Any CPU
		{26D93A62-E6DB-47D1-BD57-95559C16A94A}.Release|x86.Build.0 = Release|Any CPU
		{823DB462-7E87-4AF9-8C3B-6DF492B3A4A3}.Debug|Any CPU.ActiveCfg = Debug|Any CPU
		{823DB462-7E87-4AF9-8C3B-6DF492B3A4A3}.Debug|Any CPU.Build.0 = Debug|Any CPU
		{823DB462-7E87-4AF9-8C3B-6DF492B3A4A3}.Debug|x64.ActiveCfg = Debug|Any CPU
		{823DB462-7E87-4AF9-8C3B-6DF492B3A4A3}.Debug|x64.Build.0 = Debug|Any CPU
		{823DB462-7E87-4AF9-8C3B-6DF492B3A4A3}.Debug|x86.ActiveCfg = Debug|Any CPU
		{823DB462-7E87-4AF9-8C3B-6DF492B3A4A3}.Debug|x86.Build.0 = Debug|Any CPU
		{823DB462-7E87-4AF9-8C3B-6DF492B3A4A3}.Release|Any CPU.ActiveCfg = Release|Any CPU
		{823DB462-7E87-4AF9-8C3B-6DF492B3A4A3}.Release|Any CPU.Build.0 = Release|Any CPU
		{823DB462-7E87-4AF9-8C3B-6DF492B3A4A3}.Release|x64.ActiveCfg = Release|Any CPU
		{823DB462-7E87-4AF9-8C3B-6DF492B3A4A3}.Release|x64.Build.0 = Release|Any CPU
		{823DB462-7E87-4AF9-8C3B-6DF492B3A4A3}.Release|x86.ActiveCfg = Release|Any CPU
		{823DB462-7E87-4AF9-8C3B-6DF492B3A4A3}.Release|x86.Build.0 = Release|Any CPU
		{1C138BC8-AEBC-4C10-89BC-C2322A64F2D1}.Debug|Any CPU.ActiveCfg = Debug|Any CPU
		{1C138BC8-AEBC-4C10-89BC-C2322A64F2D1}.Debug|Any CPU.Build.0 = Debug|Any CPU
		{1C138BC8-AEBC-4C10-89BC-C2322A64F2D1}.Debug|x64.ActiveCfg = Debug|Any CPU
		{1C138BC8-AEBC-4C10-89BC-C2322A64F2D1}.Debug|x64.Build.0 = Debug|Any CPU
		{1C138BC8-AEBC-4C10-89BC-C2322A64F2D1}.Debug|x86.ActiveCfg = Debug|Any CPU
		{1C138BC8-AEBC-4C10-89BC-C2322A64F2D1}.Debug|x86.Build.0 = Debug|Any CPU
		{1C138BC8-AEBC-4C10-89BC-C2322A64F2D1}.Release|Any CPU.ActiveCfg = Release|Any CPU
		{1C138BC8-AEBC-4C10-89BC-C2322A64F2D1}.Release|Any CPU.Build.0 = Release|Any CPU
		{1C138BC8-AEBC-4C10-89BC-C2322A64F2D1}.Release|x64.ActiveCfg = Release|Any CPU
		{1C138BC8-AEBC-4C10-89BC-C2322A64F2D1}.Release|x64.Build.0 = Release|Any CPU
		{1C138BC8-AEBC-4C10-89BC-C2322A64F2D1}.Release|x86.ActiveCfg = Release|Any CPU
		{1C138BC8-AEBC-4C10-89BC-C2322A64F2D1}.Release|x86.Build.0 = Release|Any CPU
		{F4CD0CF3-B682-4CC7-8BE4-15A8E00AD705}.Debug|Any CPU.ActiveCfg = Debug|Any CPU
		{F4CD0CF3-B682-4CC7-8BE4-15A8E00AD705}.Debug|Any CPU.Build.0 = Debug|Any CPU
		{F4CD0CF3-B682-4CC7-8BE4-15A8E00AD705}.Debug|x64.ActiveCfg = Debug|Any CPU
		{F4CD0CF3-B682-4CC7-8BE4-15A8E00AD705}.Debug|x64.Build.0 = Debug|Any CPU
		{F4CD0CF3-B682-4CC7-8BE4-15A8E00AD705}.Debug|x86.ActiveCfg = Debug|Any CPU
		{F4CD0CF3-B682-4CC7-8BE4-15A8E00AD705}.Debug|x86.Build.0 = Debug|Any CPU
		{F4CD0CF3-B682-4CC7-8BE4-15A8E00AD705}.Release|Any CPU.ActiveCfg = Release|Any CPU
		{F4CD0CF3-B682-4CC7-8BE4-15A8E00AD705}.Release|Any CPU.Build.0 = Release|Any CPU
		{F4CD0CF3-B682-4CC7-8BE4-15A8E00AD705}.Release|x64.ActiveCfg = Release|Any CPU
		{F4CD0CF3-B682-4CC7-8BE4-15A8E00AD705}.Release|x64.Build.0 = Release|Any CPU
		{F4CD0CF3-B682-4CC7-8BE4-15A8E00AD705}.Release|x86.ActiveCfg = Release|Any CPU
		{F4CD0CF3-B682-4CC7-8BE4-15A8E00AD705}.Release|x86.Build.0 = Release|Any CPU
		{4C064C11-A755-4A8C-B02E-36AA28FC7CDA}.Debug|Any CPU.ActiveCfg = Debug|Any CPU
		{4C064C11-A755-4A8C-B02E-36AA28FC7CDA}.Debug|Any CPU.Build.0 = Debug|Any CPU
		{4C064C11-A755-4A8C-B02E-36AA28FC7CDA}.Debug|x64.ActiveCfg = Debug|Any CPU
		{4C064C11-A755-4A8C-B02E-36AA28FC7CDA}.Debug|x64.Build.0 = Debug|Any CPU
		{4C064C11-A755-4A8C-B02E-36AA28FC7CDA}.Debug|x86.ActiveCfg = Debug|Any CPU
		{4C064C11-A755-4A8C-B02E-36AA28FC7CDA}.Debug|x86.Build.0 = Debug|Any CPU
		{4C064C11-A755-4A8C-B02E-36AA28FC7CDA}.Release|Any CPU.ActiveCfg = Release|Any CPU
		{4C064C11-A755-4A8C-B02E-36AA28FC7CDA}.Release|Any CPU.Build.0 = Release|Any CPU
		{4C064C11-A755-4A8C-B02E-36AA28FC7CDA}.Release|x64.ActiveCfg = Release|Any CPU
		{4C064C11-A755-4A8C-B02E-36AA28FC7CDA}.Release|x64.Build.0 = Release|Any CPU
		{4C064C11-A755-4A8C-B02E-36AA28FC7CDA}.Release|x86.ActiveCfg = Release|Any CPU
		{4C064C11-A755-4A8C-B02E-36AA28FC7CDA}.Release|x86.Build.0 = Release|Any CPU
		{2635FAD7-DC45-4CED-8D83-7E4D8D86A2A7}.Debug|Any CPU.ActiveCfg = Debug|Any CPU
		{2635FAD7-DC45-4CED-8D83-7E4D8D86A2A7}.Debug|Any CPU.Build.0 = Debug|Any CPU
		{2635FAD7-DC45-4CED-8D83-7E4D8D86A2A7}.Debug|x64.ActiveCfg = Debug|Any CPU
		{2635FAD7-DC45-4CED-8D83-7E4D8D86A2A7}.Debug|x64.Build.0 = Debug|Any CPU
		{2635FAD7-DC45-4CED-8D83-7E4D8D86A2A7}.Debug|x86.ActiveCfg = Debug|Any CPU
		{2635FAD7-DC45-4CED-8D83-7E4D8D86A2A7}.Debug|x86.Build.0 = Debug|Any CPU
		{2635FAD7-DC45-4CED-8D83-7E4D8D86A2A7}.Release|Any CPU.ActiveCfg = Release|Any CPU
		{2635FAD7-DC45-4CED-8D83-7E4D8D86A2A7}.Release|Any CPU.Build.0 = Release|Any CPU
		{2635FAD7-DC45-4CED-8D83-7E4D8D86A2A7}.Release|x64.ActiveCfg = Release|Any CPU
		{2635FAD7-DC45-4CED-8D83-7E4D8D86A2A7}.Release|x64.Build.0 = Release|Any CPU
		{2635FAD7-DC45-4CED-8D83-7E4D8D86A2A7}.Release|x86.ActiveCfg = Release|Any CPU
		{2635FAD7-DC45-4CED-8D83-7E4D8D86A2A7}.Release|x86.Build.0 = Release|Any CPU
		{6179CD08-3903-46C4-A1A3-FB22C5757BE4}.Debug|Any CPU.ActiveCfg = Debug|Any CPU
		{6179CD08-3903-46C4-A1A3-FB22C5757BE4}.Debug|Any CPU.Build.0 = Debug|Any CPU
		{6179CD08-3903-46C4-A1A3-FB22C5757BE4}.Debug|x64.ActiveCfg = Debug|Any CPU
		{6179CD08-3903-46C4-A1A3-FB22C5757BE4}.Debug|x64.Build.0 = Debug|Any CPU
		{6179CD08-3903-46C4-A1A3-FB22C5757BE4}.Debug|x86.ActiveCfg = Debug|Any CPU
		{6179CD08-3903-46C4-A1A3-FB22C5757BE4}.Debug|x86.Build.0 = Debug|Any CPU
		{6179CD08-3903-46C4-A1A3-FB22C5757BE4}.Release|Any CPU.ActiveCfg = Release|Any CPU
		{6179CD08-3903-46C4-A1A3-FB22C5757BE4}.Release|Any CPU.Build.0 = Release|Any CPU
		{6179CD08-3903-46C4-A1A3-FB22C5757BE4}.Release|x64.ActiveCfg = Release|Any CPU
		{6179CD08-3903-46C4-A1A3-FB22C5757BE4}.Release|x64.Build.0 = Release|Any CPU
		{6179CD08-3903-46C4-A1A3-FB22C5757BE4}.Release|x86.ActiveCfg = Release|Any CPU
		{6179CD08-3903-46C4-A1A3-FB22C5757BE4}.Release|x86.Build.0 = Release|Any CPU
		{6B6CAF5F-6E9B-4BFE-AAAD-BE934BD551AA}.Debug|Any CPU.ActiveCfg = Debug|Any CPU
		{6B6CAF5F-6E9B-4BFE-AAAD-BE934BD551AA}.Debug|Any CPU.Build.0 = Debug|Any CPU
		{6B6CAF5F-6E9B-4BFE-AAAD-BE934BD551AA}.Debug|x64.ActiveCfg = Debug|Any CPU
		{6B6CAF5F-6E9B-4BFE-AAAD-BE934BD551AA}.Debug|x64.Build.0 = Debug|Any CPU
		{6B6CAF5F-6E9B-4BFE-AAAD-BE934BD551AA}.Debug|x86.ActiveCfg = Debug|Any CPU
		{6B6CAF5F-6E9B-4BFE-AAAD-BE934BD551AA}.Debug|x86.Build.0 = Debug|Any CPU
		{6B6CAF5F-6E9B-4BFE-AAAD-BE934BD551AA}.Release|Any CPU.ActiveCfg = Release|Any CPU
		{6B6CAF5F-6E9B-4BFE-AAAD-BE934BD551AA}.Release|Any CPU.Build.0 = Release|Any CPU
		{6B6CAF5F-6E9B-4BFE-AAAD-BE934BD551AA}.Release|x64.ActiveCfg = Release|Any CPU
		{6B6CAF5F-6E9B-4BFE-AAAD-BE934BD551AA}.Release|x64.Build.0 = Release|Any CPU
		{6B6CAF5F-6E9B-4BFE-AAAD-BE934BD551AA}.Release|x86.ActiveCfg = Release|Any CPU
		{6B6CAF5F-6E9B-4BFE-AAAD-BE934BD551AA}.Release|x86.Build.0 = Release|Any CPU
		{7C393124-190E-4AFA-AA10-A515E0538A68}.Debug|Any CPU.ActiveCfg = Debug|Any CPU
		{7C393124-190E-4AFA-AA10-A515E0538A68}.Debug|Any CPU.Build.0 = Debug|Any CPU
		{7C393124-190E-4AFA-AA10-A515E0538A68}.Debug|x64.ActiveCfg = Debug|Any CPU
		{7C393124-190E-4AFA-AA10-A515E0538A68}.Debug|x64.Build.0 = Debug|Any CPU
		{7C393124-190E-4AFA-AA10-A515E0538A68}.Debug|x86.ActiveCfg = Debug|Any CPU
		{7C393124-190E-4AFA-AA10-A515E0538A68}.Debug|x86.Build.0 = Debug|Any CPU
		{7C393124-190E-4AFA-AA10-A515E0538A68}.Release|Any CPU.ActiveCfg = Release|Any CPU
		{7C393124-190E-4AFA-AA10-A515E0538A68}.Release|Any CPU.Build.0 = Release|Any CPU
		{7C393124-190E-4AFA-AA10-A515E0538A68}.Release|x64.ActiveCfg = Release|Any CPU
		{7C393124-190E-4AFA-AA10-A515E0538A68}.Release|x64.Build.0 = Release|Any CPU
		{7C393124-190E-4AFA-AA10-A515E0538A68}.Release|x86.ActiveCfg = Release|Any CPU
		{7C393124-190E-4AFA-AA10-A515E0538A68}.Release|x86.Build.0 = Release|Any CPU
		{57695486-1B62-42D5-BD71-5FDBC55915D1}.Debug|Any CPU.ActiveCfg = Debug|Any CPU
		{57695486-1B62-42D5-BD71-5FDBC55915D1}.Debug|Any CPU.Build.0 = Debug|Any CPU
		{57695486-1B62-42D5-BD71-5FDBC55915D1}.Debug|x64.ActiveCfg = Debug|Any CPU
		{57695486-1B62-42D5-BD71-5FDBC55915D1}.Debug|x64.Build.0 = Debug|Any CPU
		{57695486-1B62-42D5-BD71-5FDBC55915D1}.Debug|x86.ActiveCfg = Debug|Any CPU
		{57695486-1B62-42D5-BD71-5FDBC55915D1}.Debug|x86.Build.0 = Debug|Any CPU
		{57695486-1B62-42D5-BD71-5FDBC55915D1}.Release|Any CPU.ActiveCfg = Release|Any CPU
		{57695486-1B62-42D5-BD71-5FDBC55915D1}.Release|Any CPU.Build.0 = Release|Any CPU
		{57695486-1B62-42D5-BD71-5FDBC55915D1}.Release|x64.ActiveCfg = Release|Any CPU
		{57695486-1B62-42D5-BD71-5FDBC55915D1}.Release|x64.Build.0 = Release|Any CPU
		{57695486-1B62-42D5-BD71-5FDBC55915D1}.Release|x86.ActiveCfg = Release|Any CPU
		{57695486-1B62-42D5-BD71-5FDBC55915D1}.Release|x86.Build.0 = Release|Any CPU
		{60729555-9396-4844-83B2-D154E9DD1AB0}.Debug|Any CPU.ActiveCfg = Debug|Any CPU
		{60729555-9396-4844-83B2-D154E9DD1AB0}.Debug|Any CPU.Build.0 = Debug|Any CPU
		{60729555-9396-4844-83B2-D154E9DD1AB0}.Debug|x64.ActiveCfg = Debug|Any CPU
		{60729555-9396-4844-83B2-D154E9DD1AB0}.Debug|x64.Build.0 = Debug|Any CPU
		{60729555-9396-4844-83B2-D154E9DD1AB0}.Debug|x86.ActiveCfg = Debug|Any CPU
		{60729555-9396-4844-83B2-D154E9DD1AB0}.Debug|x86.Build.0 = Debug|Any CPU
		{60729555-9396-4844-83B2-D154E9DD1AB0}.Release|Any CPU.ActiveCfg = Release|Any CPU
		{60729555-9396-4844-83B2-D154E9DD1AB0}.Release|Any CPU.Build.0 = Release|Any CPU
		{60729555-9396-4844-83B2-D154E9DD1AB0}.Release|x64.ActiveCfg = Release|Any CPU
		{60729555-9396-4844-83B2-D154E9DD1AB0}.Release|x64.Build.0 = Release|Any CPU
		{60729555-9396-4844-83B2-D154E9DD1AB0}.Release|x86.ActiveCfg = Release|Any CPU
		{60729555-9396-4844-83B2-D154E9DD1AB0}.Release|x86.Build.0 = Release|Any CPU
	EndGlobalSection
	GlobalSection(SolutionProperties) = preSolution
		HideSolutionNode = FALSE
	EndGlobalSection
	GlobalSection(NestedProjects) = preSolution
		{C49BDCC8-692F-4239-979E-0D07A03D31B9} = {55BC0050-16BE-4618-93C8-C41E863DB875}
		{30E0D134-FE28-4608-A4F5-A723A18ADE28} = {55BC0050-16BE-4618-93C8-C41E863DB875}
		{8E3B9720-102A-4D5E-94B1-BC1341C8AFAB} = {55BC0050-16BE-4618-93C8-C41E863DB875}
		{3B316B08-30C8-4CDD-9B31-C5649556E652} = {55BC0050-16BE-4618-93C8-C41E863DB875}
		{4CA482C1-A36F-448D-ABEA-6B7081D82E29} = {55BC0050-16BE-4618-93C8-C41E863DB875}
		{7256C1EE-50A5-49F5-A59A-4B9058D13FAA} = {55BC0050-16BE-4618-93C8-C41E863DB875}
		{0E628536-0030-4085-B51B-2D1E9A7E7D14} = {55BC0050-16BE-4618-93C8-C41E863DB875}
		{0223246A-70CD-42C9-B5E0-D712F732FD7B} = {55BC0050-16BE-4618-93C8-C41E863DB875}
		{26D93A62-E6DB-47D1-BD57-95559C16A94A} = {55BC0050-16BE-4618-93C8-C41E863DB875}
		{823DB462-7E87-4AF9-8C3B-6DF492B3A4A3} = {55BC0050-16BE-4618-93C8-C41E863DB875}
		{1C138BC8-AEBC-4C10-89BC-C2322A64F2D1} = {55BC0050-16BE-4618-93C8-C41E863DB875}
		{F4CD0CF3-B682-4CC7-8BE4-15A8E00AD705} = {55BC0050-16BE-4618-93C8-C41E863DB875}
		{4C064C11-A755-4A8C-B02E-36AA28FC7CDA} = {55BC0050-16BE-4618-93C8-C41E863DB875}
		{2635FAD7-DC45-4CED-8D83-7E4D8D86A2A7} = {55BC0050-16BE-4618-93C8-C41E863DB875}
		{6179CD08-3903-46C4-A1A3-FB22C5757BE4} = {55BC0050-16BE-4618-93C8-C41E863DB875}
		{6B6CAF5F-6E9B-4BFE-AAAD-BE934BD551AA} = {55BC0050-16BE-4618-93C8-C41E863DB875}
		{7C393124-190E-4AFA-AA10-A515E0538A68} = {55BC0050-16BE-4618-93C8-C41E863DB875}
		{57695486-1B62-42D5-BD71-5FDBC55915D1} = {55BC0050-16BE-4618-93C8-C41E863DB875}
		{60729555-9396-4844-83B2-D154E9DD1AB0} = {55BC0050-16BE-4618-93C8-C41E863DB875}
	EndGlobalSection
	GlobalSection(ExtensibilityGlobals) = postSolution
		SolutionGuid = {27124770-6E0B-4F0D-A275-5EC4832940CD}
	EndGlobalSection
EndGlobal
